
Microsoft Visual Studio Solution File, Format Version 12.00
# Visual Studio Version 16
VisualStudioVersion = 16.0.30503.244
MinimumVisualStudioVersion = 10.0.40219.1
Project("{9A19103F-16F7-4668-BE54-9A1E7A4F7556}") = "BoulderBeta.MVC", "BoulderBeta\BoulderBeta.MVC.csproj", "{F71C0445-5CC0-44F9-A8BA-8289F32CA618}"
EndProject
Project("{9A19103F-16F7-4668-BE54-9A1E7A4F7556}") = "BoulderBeta.Models", "BoulderBeta.Models\BoulderBeta.Models.csproj", "{9D34A2FB-B7AE-4249-A867-A804BC175638}"
EndProject
Project("{9A19103F-16F7-4668-BE54-9A1E7A4F7556}") = "BoulderBeta.Logic", "BoulderBeta.Logic\BoulderBeta.Logic.csproj", "{748EF71C-C03F-44FB-A92A-A4F90FC90955}"
EndProject
Project("{9A19103F-16F7-4668-BE54-9A1E7A4F7556}") = "BoulderBeta.DataAccess", "BoulderBeta.DataAccess\BoulderBeta.DataAccess.csproj", "{1378224D-A5CE-44CF-8E5A-20A8BE117ED0}"
EndProject
Project("{9A19103F-16F7-4668-BE54-9A1E7A4F7556}") = "BoulderBeta.Context", "BoulderBeta.Context\BoulderBeta.Context.csproj", "{5E25FFED-F439-480C-A308-D6EAC1A4E40B}"
EndProject
Global
	GlobalSection(SolutionConfigurationPlatforms) = preSolution
		Debug|Any CPU = Debug|Any CPU
		Release|Any CPU = Release|Any CPU
	EndGlobalSection
	GlobalSection(ProjectConfigurationPlatforms) = postSolution
		{F71C0445-5CC0-44F9-A8BA-8289F32CA618}.Debug|Any CPU.ActiveCfg = Debug|Any CPU
		{F71C0445-5CC0-44F9-A8BA-8289F32CA618}.Debug|Any CPU.Build.0 = Debug|Any CPU
		{F71C0445-5CC0-44F9-A8BA-8289F32CA618}.Release|Any CPU.ActiveCfg = Release|Any CPU
		{F71C0445-5CC0-44F9-A8BA-8289F32CA618}.Release|Any CPU.Build.0 = Release|Any CPU
		{9D34A2FB-B7AE-4249-A867-A804BC175638}.Debug|Any CPU.ActiveCfg = Debug|Any CPU
		{9D34A2FB-B7AE-4249-A867-A804BC175638}.Debug|Any CPU.Build.0 = Debug|Any CPU
		{9D34A2FB-B7AE-4249-A867-A804BC175638}.Release|Any CPU.ActiveCfg = Release|Any CPU
		{9D34A2FB-B7AE-4249-A867-A804BC175638}.Release|Any CPU.Build.0 = Release|Any CPU
		{748EF71C-C03F-44FB-A92A-A4F90FC90955}.Debug|Any CPU.ActiveCfg = Debug|Any CPU
		{748EF71C-C03F-44FB-A92A-A4F90FC90955}.Debug|Any CPU.Build.0 = Debug|Any CPU
		{748EF71C-C03F-44FB-A92A-A4F90FC90955}.Release|Any CPU.ActiveCfg = Release|Any CPU
		{748EF71C-C03F-44FB-A92A-A4F90FC90955}.Release|Any CPU.Build.0 = Release|Any CPU
		{1378224D-A5CE-44CF-8E5A-20A8BE117ED0}.Debug|Any CPU.ActiveCfg = Debug|Any CPU
		{1378224D-A5CE-44CF-8E5A-20A8BE117ED0}.Debug|Any CPU.Build.0 = Debug|Any CPU
		{1378224D-A5CE-44CF-8E5A-20A8BE117ED0}.Release|Any CPU.ActiveCfg = Release|Any CPU
		{1378224D-A5CE-44CF-8E5A-20A8BE117ED0}.Release|Any CPU.Build.0 = Release|Any CPU
		{5E25FFED-F439-480C-A308-D6EAC1A4E40B}.Debug|Any CPU.ActiveCfg = Debug|Any CPU
		{5E25FFED-F439-480C-A308-D6EAC1A4E40B}.Debug|Any CPU.Build.0 = Debug|Any CPU
		{5E25FFED-F439-480C-A308-D6EAC1A4E40B}.Release|Any CPU.ActiveCfg = Release|Any CPU
		{5E25FFED-F439-480C-A308-D6EAC1A4E40B}.Release|Any CPU.Build.0 = Release|Any CPU
	EndGlobalSection
	GlobalSection(SolutionProperties) = preSolution
		HideSolutionNode = FALSE
	EndGlobalSection
	GlobalSection(ExtensibilityGlobals) = postSolution
		SolutionGuid = {3B138C28-0B9A-4C2A-91BA-F8835CD716FD}
	EndGlobalSection
EndGlobal
